
Microsoft Visual Studio Solution File, Format Version 12.00
# Visual Studio 15
VisualStudioVersion = 15.0.28010.2050
MinimumVisualStudioVersion = 10.0.40219.1
Project("{FAE04EC0-301F-11D3-BF4B-00C04F79EFBC}") = "Logo-Api-Console", "Logo-Api-Console\Logo-Api-Console.csproj", "{95DEE6ED-B3BD-4916-AC72-CE991C18E181}"
EndProject
Global
	GlobalSection(SolutionConfigurationPlatforms) = preSolution
		Debug|Any CPU = Debug|Any CPU
		Release|Any CPU = Release|Any CPU
	EndGlobalSection
	GlobalSection(ProjectConfigurationPlatforms) = postSolution
		{95DEE6ED-B3BD-4916-AC72-CE991C18E181}.Debug|Any CPU.ActiveCfg = Debug|Any CPU
		{95DEE6ED-B3BD-4916-AC72-CE991C18E181}.Debug|Any CPU.Build.0 = Debug|Any CPU
		{95DEE6ED-B3BD-4916-AC72-CE991C18E181}.Release|Any CPU.ActiveCfg = Release|Any CPU
		{95DEE6ED-B3BD-4916-AC72-CE991C18E181}.Release|Any CPU.Build.0 = Release|Any CPU
	EndGlobalSection
	GlobalSection(SolutionProperties) = preSolution
		HideSolutionNode = FALSE
	EndGlobalSection
	GlobalSection(ExtensibilityGlobals) = postSolution
		SolutionGuid = {C1180603-66CF-44AB-8BF1-C1B233ED24FA}
	EndGlobalSection
EndGlobal
